
Microsoft Visual Studio Solution File, Format Version 12.00
# Visual Studio Version 17
VisualStudioVersion = 17.9.34607.119
MinimumVisualStudioVersion = 10.0.40219.1
Project("{FAE04EC0-301F-11D3-BF4B-00C04F79EFBC}") = "SZGYA13C_choco", "SZGYA13C_choco\SZGYA13C_choco.csproj", "{A80BBCE1-CCBE-4AB1-8314-B296781452E6}"
EndProject
Global
	GlobalSection(SolutionConfigurationPlatforms) = preSolution
		Debug|Any CPU = Debug|Any CPU
		Release|Any CPU = Release|Any CPU
	EndGlobalSection
	GlobalSection(ProjectConfigurationPlatforms) = postSolution
		{A80BBCE1-CCBE-4AB1-8314-B296781452E6}.Debug|Any CPU.ActiveCfg = Debug|Any CPU
		{A80BBCE1-CCBE-4AB1-8314-B296781452E6}.Debug|Any CPU.Build.0 = Debug|Any CPU
		{A80BBCE1-CCBE-4AB1-8314-B296781452E6}.Release|Any CPU.ActiveCfg = Release|Any CPU
		{A80BBCE1-CCBE-4AB1-8314-B296781452E6}.Release|Any CPU.Build.0 = Release|Any CPU
	EndGlobalSection
	GlobalSection(SolutionProperties) = preSolution
		HideSolutionNode = FALSE
	EndGlobalSection
	GlobalSection(ExtensibilityGlobals) = postSolution
		SolutionGuid = {39597EC2-CB3B-483D-ABA2-0424C4C18F62}
	EndGlobalSection
EndGlobal
